dependencies:
  idf:
    component_hash: null
    source:
      type: idf
    version: 5.3.1
  tinyusb:
    component_hash: null
    source:
      path: C:\Users\erikl\Documents\PlatformIO\Projects\hd2_macropad\components\tinyusb
      type: local
    version: 0.18.0~1
manifest_hash: e9a98b4c896e4d7e6492399fc9c094be22494224c5506e3a78ef28eeb35e0e5f
target: esp32s3
version: 1.0.0
